<Solution>
  <Project Path="stockflow-api/stockflow-api.csproj" />
  <Project Path="stockflow-application/stockflow.application.csproj" Id="5943e94b-9e03-4753-b2e7-c3409a4ca292" />
  <Project Path="stockflow.domain/stockflow.domain.csproj" Id="597e0e00-793f-48cf-ace9-cc1839e9e577" />
  <Project Path="stockflow.infrastructure/stockflow.infrastructure.csproj" Id="b693812a-fe28-460a-9721-219d30ab38ed" />
</Solution>
